{
  "name": "922c529e917a234d",
  "lockfileVersion": 3,
  "requires": true,
  "packages": {
    "": {
      "dependencies": {
        "@chaindead/telegram-mcp": "^0.2.0"
      }
    },
    "node_modules/@chaindead/telegram-mcp": {
      "version": "0.2.0",
      "resolved": "https://registry.npmjs.org/@chaindead/telegram-mcp/-/telegram-mcp-0.2.0.tgz",
      "integrity": "sha512-DNSTcthNLCRfonUTTiK9HVELuGRLqY7/9NpOmnxKuWbFk1FMBXddwSb3d59odVV9UeFVOU7SoaP1PlogjfnKDg==",
      "cpu": [
        "x64",
        "arm64"
      ],
      "os": [
        "linux",
        "win32",
        "darwin"
      ],
      "bin": {
        "telegram-mcp": "index.js"
      },
      "optionalDependencies": {
        "@chaindead/telegram-mcp_darwin_amd64": "0.2.0",
        "@chaindead/telegram-mcp_darwin_arm64": "0.2.0",
        "@chaindead/telegram-mcp_linux_amd64": "0.2.0",
        "@chaindead/telegram-mcp_linux_arm64": "0.2.0",
        "@chaindead/telegram-mcp_windows_amd64": "0.2.0",
        "@chaindead/telegram-mcp_windows_arm64": "0.2.0"
      }
    },
    "node_modules/@chaindead/telegram-mcp_darwin_amd64": {
      "version": "0.2.0",
      "resolved": "https://registry.npmjs.org/@chaindead/telegram-mcp_darwin_amd64/-/telegram-mcp_darwin_amd64-0.2.0.tgz",
      "integrity": "sha512-Yw3nT+js1I7emGOGYBvwt4lvxxKOv+PG94AV0vddCXxD+AEoSs7hZC6maqMh9+beYzxc0p1HxkqeNuow8UKR1Q==",
      "cpu": [
        "x64"
      ],
      "optional": true,
      "os": [
        "darwin"
      ],
      "bin": {
        "telegram-mcp_darwin_amd64": "telegram-mcp"
      }
    },
    "node_modules/@chaindead/telegram-mcp_darwin_arm64": {
      "version": "0.2.0",
      "resolved": "https://registry.npmjs.org/@chaindead/telegram-mcp_darwin_arm64/-/telegram-mcp_darwin_arm64-0.2.0.tgz",
      "integrity": "sha512-CwgVM0Qg+8tW35XqMfTw8PY+GDquYfx6Lltd3B0Lusd4gBVtQEZVCkl9buZHgt+ciAGx9VZ+pQEMC/FgOWiBGw==",
      "cpu": [
        "arm64"
      ],
      "optional": true,
      "os": [
        "darwin"
      ],
      "bin": {
        "telegram-mcp_darwin_arm64": "telegram-mcp"
      }
    },
    "node_modules/@chaindead/telegram-mcp_linux_amd64": {
      "version": "0.2.0",
      "resolved": "https://registry.npmjs.org/@chaindead/telegram-mcp_linux_amd64/-/telegram-mcp_linux_amd64-0.2.0.tgz",
      "integrity": "sha512-ozJoxoaGTn9O3CshQxj67Mpv45cv4OchUWuI+FvyjfEayi2GE9uD2x5mKRxHmDShas6gzbLy6dfxc2bXf8Gghw==",
      "cpu": [
        "x64"
      ],
      "optional": true,
      "os": [
        "linux"
      ],
      "bin": {
        "telegram-mcp_linux_amd64": "telegram-mcp"
      }
    },
    "node_modules/@chaindead/telegram-mcp_linux_arm64": {
      "version": "0.2.0",
      "resolved": "https://registry.npmjs.org/@chaindead/telegram-mcp_linux_arm64/-/telegram-mcp_linux_arm64-0.2.0.tgz",
      "integrity": "sha512-E9KK0SoGCHdXzfBpYJTAg6eUfhlc/N4ue5Khr3yTgF02+CwObHKATL0lOam6o9p4Bk4BnkInceWAVXL69NwaIg==",
      "cpu": [
        "arm64"
      ],
      "optional": true,
      "os": [
        "linux"
      ],
      "bin": {
        "telegram-mcp_linux_arm64": "telegram-mcp"
      }
    },
    "node_modules/@chaindead/telegram-mcp_windows_amd64": {
      "version": "0.2.0",
      "resolved": "https://registry.npmjs.org/@chaindead/telegram-mcp_windows_amd64/-/telegram-mcp_windows_amd64-0.2.0.tgz",
      "integrity": "sha512-pcQC26i1o3E7T177XB7eK5kdM4caLPn46zjVlQeLRBrj7wJDVeJV98wqNhGgu7b1DtLQh0i1hqHewK7PCIdjAw==",
      "cpu": [
        "x64"
      ],
      "optional": true,
      "os": [
        "win32"
      ],
      "bin": {
        "telegram-mcp_windows_amd64": "telegram-mcp.exe"
      }
    },
    "node_modules/@chaindead/telegram-mcp_windows_arm64": {
      "version": "0.2.0",
      "resolved": "https://registry.npmjs.org/@chaindead/telegram-mcp_windows_arm64/-/telegram-mcp_windows_arm64-0.2.0.tgz",
      "integrity": "sha512-3M7CW+bV3xeeMk9iNuF/UthvgZ+OI93whThLHKg9F4faem2+wHnNygeunlDrDncqKkFrR7PXc+1oMcU3b7KrDw==",
      "cpu": [
        "arm64"
      ],
      "optional": true,
      "os": [
        "win32"
      ],
      "bin": {
        "telegram-mcp_windows_arm64": "telegram-mcp.exe"
      }
    }
  }
}
